
Microsoft Visual Studio Solution File, Format Version 12.00
# Visual Studio 15
VisualStudioVersion = 15.0.27004.2009
MinimumVisualStudioVersion = 10.0.40219.1
Project("{FAE04EC0-301F-11D3-BF4B-00C04F79EFBC}") = "EustonLeisure", "EustonLeisure\EustonLeisure.csproj", "{754113F4-40CC-420B-8F62-DFEC103EDA66}"
EndProject
Project("{FAE04EC0-301F-11D3-BF4B-00C04F79EFBC}") = "EustonLeisure.Test", "EustonLeisure.Test\EustonLeisure.Test.csproj", "{C9EFDCC3-E2ED-4A7B-B764-E219F6FB0CFC}"
EndProject
Global
	GlobalSection(SolutionConfigurationPlatforms) = preSolution
		Debug|Any CPU = Debug|Any CPU
		Release|Any CPU = Release|Any CPU
	EndGlobalSection
	GlobalSection(ProjectConfigurationPlatforms) = postSolution
		{754113F4-40CC-420B-8F62-DFEC103EDA66}.Debug|Any CPU.ActiveCfg = Debug|Any CPU
		{754113F4-40CC-420B-8F62-DFEC103EDA66}.Debug|Any CPU.Build.0 = Debug|Any CPU
		{754113F4-40CC-420B-8F62-DFEC103EDA66}.Release|Any CPU.ActiveCfg = Release|Any CPU
		{754113F4-40CC-420B-8F62-DFEC103EDA66}.Release|Any CPU.Build.0 = Release|Any CPU
		{C9EFDCC3-E2ED-4A7B-B764-E219F6FB0CFC}.Debug|Any CPU.ActiveCfg = Debug|Any CPU
		{C9EFDCC3-E2ED-4A7B-B764-E219F6FB0CFC}.Debug|Any CPU.Build.0 = Debug|Any CPU
		{C9EFDCC3-E2ED-4A7B-B764-E219F6FB0CFC}.Release|Any CPU.ActiveCfg = Release|Any CPU
		{C9EFDCC3-E2ED-4A7B-B764-E219F6FB0CFC}.Release|Any CPU.Build.0 = Release|Any CPU
	EndGlobalSection
	GlobalSection(SolutionProperties) = preSolution
		HideSolutionNode = FALSE
	EndGlobalSection
	GlobalSection(ExtensibilityGlobals) = postSolution
		SolutionGuid = {4B52EACB-D811-439D-8D2D-B33702FD9C02}
	EndGlobalSection
EndGlobal
